// !$*UTF8*$!
{
	archiveVersion = 1;
	classes = {
	};
	objectVersion = 56;
	objects = {

/* Begin PBXBuildFile section */
		2DADF4B70F661D08B8FE77B2 /* BarVelocityTrackerApp.swift in Sources */ = {isa = PBXBuildFile; fileRef = 317BC26A76135AE1567FDAAD /* BarVelocityTrackerApp.swift */; };
		F364C592BF81ABDB10D32837 /* CameraManager.swift in Sources */ = {isa = PBXBuildFile; fileRef = A49DB81A82C5DB52819C85A3 /* CameraManager.swift */; };
		FA941F434C6E85063FF7641D /* BarDetector.swift in Sources */ = {isa = PBXBuildFile; fileRef = 95ABA4E16A2A0112EA9FC841 /* BarDetector.swift */; };
		D70A88CC8E35978E73171B3E /* KalmanFilter1D.swift in Sources */ = {isa = PBXBuildFile; fileRef = AC92D563175E1661A44AF187 /* KalmanFilter1D.swift */; };
		7017FA10F3FAD59FCD92B3B7 /* BarTracker.swift in Sources */ = {isa = PBXBuildFile; fileRef = B86451B7320F1E80C9BE566C /* BarTracker.swift */; };
		BD439CEAD5FEA2284D8BD79E /* CalibrationManager.swift in Sources */ = {isa = PBXBuildFile; fileRef = 83F943902B7BFD932D621396 /* CalibrationManager.swift */; };
		6ABE6DB9809376EC5901C19E /* BarMotionSource.swift in Sources */ = {isa = PBXBuildFile; fileRef = 8307867A3F9D2A169A99A729 /* BarMotionSource.swift */; };
		0AB4CE195A30CB2077014EDB /* KinematicsEngine.swift in Sources */ = {isa = PBXBuildFile; fileRef = C95C2D1841BD6BF1E1664689 /* KinematicsEngine.swift */; };
		7E1B97134E075E73378EF278 /* Rep.swift in Sources */ = {isa = PBXBuildFile; fileRef = 434DE0FDF59826350B0D7F2D /* Rep.swift */; };
		651C61985C7313993E93EEF1 /* RepDetector.swift in Sources */ = {isa = PBXBuildFile; fileRef = E421FF8DB4BD452ABB93B4E4 /* RepDetector.swift */; };
		6064DB42807DA674FCA25E3A /* SetSummary.swift in Sources */ = {isa = PBXBuildFile; fileRef = 80A32CFC61F1688E54293296 /* SetSummary.swift */; };
		074355E79197112C59623FCA /* MetricsEngine.swift in Sources */ = {isa = PBXBuildFile; fileRef = C31C3872F80C5AB01A8E2D60 /* MetricsEngine.swift */; };
		20D2A5E77CFA899849B0F501 /* BLEIMUManager.swift in Sources */ = {isa = PBXBuildFile; fileRef = 6B3ED8332142B8E1E415D02A /* BLEIMUManager.swift */; };
		82F9B892A23065CAAB602FA0 /* Models.swift in Sources */ = {isa = PBXBuildFile; fileRef = DC852C6465981BA14FDBB31A /* Models.swift */; };
		3FA62ACDCB1851C4CADF7B69 /* LiveTrainingViewModel.swift in Sources */ = {isa = PBXBuildFile; fileRef = 502D489075E66557973AA28E /* LiveTrainingViewModel.swift */; };
		81D8DABED458CC02B1605AE0 /* CameraPreviewView.swift in Sources */ = {isa = PBXBuildFile; fileRef = 7A3165FFF5BFD4CAE6BA61F5 /* CameraPreviewView.swift */; };
		524C3DF97B2604B97A06368A /* BoundingBoxOverlay.swift in Sources */ = {isa = PBXBuildFile; fileRef = 5D2ABF633FBC634D2FE5D41B /* BoundingBoxOverlay.swift */; };
		D2ED66B7D2853607487D827B /* LiveTrainingView.swift in Sources */ = {isa = PBXBuildFile; fileRef = 5FA4F54910DFEC1D74D07268 /* LiveTrainingView.swift */; };
		5A63497E23EBF645ACE0CB66 /* RepFeedCard.swift in Sources */ = {isa = PBXBuildFile; fileRef = 8E5B883D83FC0CD8AA976DCC /* RepFeedCard.swift */; };
		8672C18AEC57A0F06B0925E4 /* SetSummaryView.swift in Sources */ = {isa = PBXBuildFile; fileRef = 402169B946C1C3F6F5A64C2D /* SetSummaryView.swift */; };
		A60953A63F74B2A8AF611631 /* CalibrationView.swift in Sources */ = {isa = PBXBuildFile; fileRef = F33692D807DF00EA76EDA0BC /* CalibrationView.swift */; };
		9FCABAD5414793AFF1A6C23F /* DebugSettingsView.swift in Sources */ = {isa = PBXBuildFile; fileRef = 531A90B669E34E83B4BE17A1 /* DebugSettingsView.swift */; };
		9C0021E85DEB663A7F69CE54 /* HistoryView.swift in Sources */ = {isa = PBXBuildFile; fileRef = 971E9CDC3BA775BA4B15FB80 /* HistoryView.swift */; };
		B8AC1D188E57AAA305899A40 /* Assets.xcassets in Resources */ = {isa = PBXBuildFile; fileRef = FCB24FEA60EE0B8304C26869 /* Assets.xcassets */; };
		191C552B23FEC9A4F0E73DDB /* Preview Assets.xcassets in Resources */ = {isa = PBXBuildFile; fileRef = A303E30BFD5009B194C5AAF9 /* Preview Assets.xcassets */; };
/* End PBXBuildFile section */

/* Begin PBXFileReference section */
		317BC26A76135AE1567FDAAD /* BarVelocityTrackerApp.swift */ = {isa = PBXFileReference; lastKnownFileType = sourcecode.swift; path = "BarVelocityTrackerApp.swift"; sourceTree = "<group>"; };
		A49DB81A82C5DB52819C85A3 /* CameraManager.swift */ = {isa = PBXFileReference; lastKnownFileType = sourcecode.swift; path = "CameraManager.swift"; sourceTree = "<group>"; };
		95ABA4E16A2A0112EA9FC841 /* BarDetector.swift */ = {isa = PBXFileReference; lastKnownFileType = sourcecode.swift; path = "BarDetector.swift"; sourceTree = "<group>"; };
		AC92D563175E1661A44AF187 /* KalmanFilter1D.swift */ = {isa = PBXFileReference; lastKnownFileType = sourcecode.swift; path = "KalmanFilter1D.swift"; sourceTree = "<group>"; };
		B86451B7320F1E80C9BE566C /* BarTracker.swift */ = {isa = PBXFileReference; lastKnownFileType = sourcecode.swift; path = "BarTracker.swift"; sourceTree = "<group>"; };
		83F943902B7BFD932D621396 /* CalibrationManager.swift */ = {isa = PBXFileReference; lastKnownFileType = sourcecode.swift; path = "CalibrationManager.swift"; sourceTree = "<group>"; };
		8307867A3F9D2A169A99A729 /* BarMotionSource.swift */ = {isa = PBXFileReference; lastKnownFileType = sourcecode.swift; path = "BarMotionSource.swift"; sourceTree = "<group>"; };
		C95C2D1841BD6BF1E1664689 /* KinematicsEngine.swift */ = {isa = PBXFileReference; lastKnownFileType = sourcecode.swift; path = "KinematicsEngine.swift"; sourceTree = "<group>"; };
		434DE0FDF59826350B0D7F2D /* Rep.swift */ = {isa = PBXFileReference; lastKnownFileType = sourcecode.swift; path = "Rep.swift"; sourceTree = "<group>"; };
		E421FF8DB4BD452ABB93B4E4 /* RepDetector.swift */ = {isa = PBXFileReference; lastKnownFileType = sourcecode.swift; path = "RepDetector.swift"; sourceTree = "<group>"; };
		80A32CFC61F1688E54293296 /* SetSummary.swift */ = {isa = PBXFileReference; lastKnownFileType = sourcecode.swift; path = "SetSummary.swift"; sourceTree = "<group>"; };
		C31C3872F80C5AB01A8E2D60 /* MetricsEngine.swift */ = {isa = PBXFileReference; lastKnownFileType = sourcecode.swift; path = "MetricsEngine.swift"; sourceTree = "<group>"; };
		6B3ED8332142B8E1E415D02A /* BLEIMUManager.swift */ = {isa = PBXFileReference; lastKnownFileType = sourcecode.swift; path = "BLEIMUManager.swift"; sourceTree = "<group>"; };
		DC852C6465981BA14FDBB31A /* Models.swift */ = {isa = PBXFileReference; lastKnownFileType = sourcecode.swift; path = "Models.swift"; sourceTree = "<group>"; };
		502D489075E66557973AA28E /* LiveTrainingViewModel.swift */ = {isa = PBXFileReference; lastKnownFileType = sourcecode.swift; path = "LiveTrainingViewModel.swift"; sourceTree = "<group>"; };
		7A3165FFF5BFD4CAE6BA61F5 /* CameraPreviewView.swift */ = {isa = PBXFileReference; lastKnownFileType = sourcecode.swift; path = "CameraPreviewView.swift"; sourceTree = "<group>"; };
		5D2ABF633FBC634D2FE5D41B /* BoundingBoxOverlay.swift */ = {isa = PBXFileReference; lastKnownFileType = sourcecode.swift; path = "BoundingBoxOverlay.swift"; sourceTree = "<group>"; };
		5FA4F54910DFEC1D74D07268 /* LiveTrainingView.swift */ = {isa = PBXFileReference; lastKnownFileType = sourcecode.swift; path = "LiveTrainingView.swift"; sourceTree = "<group>"; };
		8E5B883D83FC0CD8AA976DCC /* RepFeedCard.swift */ = {isa = PBXFileReference; lastKnownFileType = sourcecode.swift; path = "RepFeedCard.swift"; sourceTree = "<group>"; };
		402169B946C1C3F6F5A64C2D /* SetSummaryView.swift */ = {isa = PBXFileReference; lastKnownFileType = sourcecode.swift; path = "SetSummaryView.swift"; sourceTree = "<group>"; };
		F33692D807DF00EA76EDA0BC /* CalibrationView.swift */ = {isa = PBXFileReference; lastKnownFileType = sourcecode.swift; path = "CalibrationView.swift"; sourceTree = "<group>"; };
		531A90B669E34E83B4BE17A1 /* DebugSettingsView.swift */ = {isa = PBXFileReference; lastKnownFileType = sourcecode.swift; path = "DebugSettingsView.swift"; sourceTree = "<group>"; };
		971E9CDC3BA775BA4B15FB80 /* HistoryView.swift */ = {isa = PBXFileReference; lastKnownFileType = sourcecode.swift; path = "HistoryView.swift"; sourceTree = "<group>"; };
		FCB24FEA60EE0B8304C26869 /* Assets.xcassets */ = {isa = PBXFileReference; lastKnownFileType = folder.assetcatalog; path = "Assets.xcassets"; sourceTree = "<group>"; };
		A303E30BFD5009B194C5AAF9 /* Preview Assets.xcassets */ = {isa = PBXFileReference; lastKnownFileType = folder.assetcatalog; path = "Preview Assets.xcassets"; sourceTree = "<group>"; };
		EF33442361C3CEF13348C519 /* Info.plist */ = {isa = PBXFileReference; lastKnownFileType = text.plist.xml; path = "Info.plist"; sourceTree = "<group>"; };
		0A75DA086ABE4576E507CE9C /* BarVelocityTracker.app */ = {isa = PBXFileReference; explicitFileType = wrapper.application; includeInIndex = 0; path = "BarVelocityTracker.app"; sourceTree = BUILT_PRODUCTS_DIR; };
/* End PBXFileReference section */

/* Begin PBXFrameworksBuildPhase section */
		7B8633C7EB6F5CB13673C25D /* Frameworks */ = {
			isa = PBXFrameworksBuildPhase;
			buildActionMask = 2147483647;
			files = (
			);
			runOnlyForDeploymentPostprocessing = 0;
		};
/* End PBXFrameworksBuildPhase section */

/* Begin PBXGroup section */
		6CFC827E67DCAE34C72B9CED = {
			isa = PBXGroup;
			children = (
				A0F824083E2275CC164FF399 /* BarVelocityTracker */,
				021F2B7F3E0C61452C987484 /* Products */,
				948E5242286F8ACF1BEA0A06 /* Frameworks */,
			);
			sourceTree = "<group>";
		};
		021F2B7F3E0C61452C987484 /* Products */ = {
			isa = PBXGroup;
			children = (
				0A75DA086ABE4576E507CE9C /* BarVelocityTracker.app */,
			);
			name = Products;
			sourceTree = "<group>";
		};
		948E5242286F8ACF1BEA0A06 /* Frameworks */ = {
			isa = PBXGroup;
			children = (
			);
			name = Frameworks;
			sourceTree = "<group>";
		};
		A0F824083E2275CC164FF399 /* BarVelocityTracker */ = {
			isa = PBXGroup;
			children = (
				1C48CE29E4E135EE62951B22 /* App */,
				45260E6DD3C4BF16D8239B5C /* Camera */,
				648172A3DE4E588D5C94A791 /* Vision */,
				31799F3462A1B4E8118AC6A7 /* Tracking */,
				CBEF61683882AC0497125771 /* Calibration */,
				93D55DAC3D3DDC2FCBB9E613 /* Kinematics */,
				9CCEA73F188352A4950F0C60 /* Reps */,
				4A1D8652225F21C0BBC5A40F /* Metrics */,
				160031ADBCC5D9376FD4C158 /* BLE */,
				58E9ADE652AF179ADC513A41 /* Persistence */,
				529389268FE012CA42456275 /* ViewModels */,
				58492F208780FA5EF3807E8F /* Views */,
				FCB24FEA60EE0B8304C26869 /* Assets.xcassets */,
				F5F6A14883DBD1B9D5BC17FB /* Preview Content */,
			);
			path = "BarVelocityTracker";
			sourceTree = "<group>";
		};
		1C48CE29E4E135EE62951B22 /* App */ = {
			isa = PBXGroup;
			children = (
				317BC26A76135AE1567FDAAD /* BarVelocityTrackerApp.swift */,
				EF33442361C3CEF13348C519 /* Info.plist */,
			);
			path = "App";
			sourceTree = "<group>";
		};
		45260E6DD3C4BF16D8239B5C /* Camera */ = {
			isa = PBXGroup;
			children = (
				A49DB81A82C5DB52819C85A3 /* CameraManager.swift */,
			);
			path = "Camera";
			sourceTree = "<group>";
		};
		648172A3DE4E588D5C94A791 /* Vision */ = {
			isa = PBXGroup;
			children = (
				95ABA4E16A2A0112EA9FC841 /* BarDetector.swift */,
			);
			path = "Vision";
			sourceTree = "<group>";
		};
		31799F3462A1B4E8118AC6A7 /* Tracking */ = {
			isa = PBXGroup;
			children = (
				AC92D563175E1661A44AF187 /* KalmanFilter1D.swift */,
				B86451B7320F1E80C9BE566C /* BarTracker.swift */,
			);
			path = "Tracking";
			sourceTree = "<group>";
		};
		CBEF61683882AC0497125771 /* Calibration */ = {
			isa = PBXGroup;
			children = (
				83F943902B7BFD932D621396 /* CalibrationManager.swift */,
			);
			path = "Calibration";
			sourceTree = "<group>";
		};
		93D55DAC3D3DDC2FCBB9E613 /* Kinematics */ = {
			isa = PBXGroup;
			children = (
				8307867A3F9D2A169A99A729 /* BarMotionSource.swift */,
				C95C2D1841BD6BF1E1664689 /* KinematicsEngine.swift */,
			);
			path = "Kinematics";
			sourceTree = "<group>";
		};
		9CCEA73F188352A4950F0C60 /* Reps */ = {
			isa = PBXGroup;
			children = (
				434DE0FDF59826350B0D7F2D /* Rep.swift */,
				E421FF8DB4BD452ABB93B4E4 /* RepDetector.swift */,
			);
			path = "Reps";
			sourceTree = "<group>";
		};
		4A1D8652225F21C0BBC5A40F /* Metrics */ = {
			isa = PBXGroup;
			children = (
				80A32CFC61F1688E54293296 /* SetSummary.swift */,
				C31C3872F80C5AB01A8E2D60 /* MetricsEngine.swift */,
			);
			path = "Metrics";
			sourceTree = "<group>";
		};
		160031ADBCC5D9376FD4C158 /* BLE */ = {
			isa = PBXGroup;
			children = (
				6B3ED8332142B8E1E415D02A /* BLEIMUManager.swift */,
			);
			path = "BLE";
			sourceTree = "<group>";
		};
		58E9ADE652AF179ADC513A41 /* Persistence */ = {
			isa = PBXGroup;
			children = (
				DC852C6465981BA14FDBB31A /* Models.swift */,
			);
			path = "Persistence";
			sourceTree = "<group>";
		};
		529389268FE012CA42456275 /* ViewModels */ = {
			isa = PBXGroup;
			children = (
				502D489075E66557973AA28E /* LiveTrainingViewModel.swift */,
			);
			path = "ViewModels";
			sourceTree = "<group>";
		};
		58492F208780FA5EF3807E8F /* Views */ = {
			isa = PBXGroup;
			children = (
				7A3165FFF5BFD4CAE6BA61F5 /* CameraPreviewView.swift */,
				5D2ABF633FBC634D2FE5D41B /* BoundingBoxOverlay.swift */,
				5FA4F54910DFEC1D74D07268 /* LiveTrainingView.swift */,
				8E5B883D83FC0CD8AA976DCC /* RepFeedCard.swift */,
				402169B946C1C3F6F5A64C2D /* SetSummaryView.swift */,
				F33692D807DF00EA76EDA0BC /* CalibrationView.swift */,
				531A90B669E34E83B4BE17A1 /* DebugSettingsView.swift */,
				971E9CDC3BA775BA4B15FB80 /* HistoryView.swift */,
			);
			path = "Views";
			sourceTree = "<group>";
		};
		F5F6A14883DBD1B9D5BC17FB /* Preview Content */ = {
			isa = PBXGroup;
			children = (
				A303E30BFD5009B194C5AAF9 /* Preview Assets.xcassets */,
			);
			path = "Preview Content";
			sourceTree = "<group>";
		};
/* End PBXGroup section */

/* Begin PBXNativeTarget section */
		2FE3FBD7A51C361D063370C7 /* BarVelocityTracker */ = {
			isa = PBXNativeTarget;
			buildConfigurationList = 6F2B7D78462A46622B647523 /* Build configuration list for PBXNativeTarget "BarVelocityTracker" */;
			buildPhases = (
				E4F78730D65EE9F55E2BAC2F /* Sources */,
				7B8633C7EB6F5CB13673C25D /* Frameworks */,
				C52ABA055DA4D0050382EB56 /* Resources */,
			);
			buildRules = (
			);
			dependencies = (
			);
			name = "BarVelocityTracker";
			productName = "BarVelocityTracker";
			productReference = 0A75DA086ABE4576E507CE9C /* BarVelocityTracker.app */;
			productType = "com.apple.product-type.application";
		};
/* End PBXNativeTarget section */

/* Begin PBXProject section */
		98F54143AB4E86B28C3AFEE0 /* Project object */ = {
			isa = PBXProject;
			attributes = {
				BuildIndependentTargetsInParallel = 1;
				LastSwiftUpdateCheck = 1500;
				LastUpgradeCheck = 1500;
				TargetAttributes = {
					2FE3FBD7A51C361D063370C7 = {
						CreatedOnToolsVersion = 15.0;
					};
				};
			};
			buildConfigurationList = 94CF469613C85AEAE08CE1EB /* Build configuration list for PBXProject "BarVelocityTracker" */;
			compatibilityVersion = "Xcode 14.0";
			developmentRegion = en;
			hasScannedForEncodings = 0;
			knownRegions = (
				en,
				Base,
			);
			mainGroup = 6CFC827E67DCAE34C72B9CED;
			productRefGroup = 021F2B7F3E0C61452C987484 /* Products */;
			projectDirPath = "";
			projectRoot = "";
			targets = (
				2FE3FBD7A51C361D063370C7 /* BarVelocityTracker */,
			);
		};
/* End PBXProject section */

/* Begin PBXResourcesBuildPhase section */
		C52ABA055DA4D0050382EB56 /* Resources */ = {
			isa = PBXResourcesBuildPhase;
			buildActionMask = 2147483647;
			files = (
				B8AC1D188E57AAA305899A40 /* Assets.xcassets in Resources */,
				191C552B23FEC9A4F0E73DDB /* Preview Assets.xcassets in Resources */,
			);
			runOnlyForDeploymentPostprocessing = 0;
		};
/* End PBXResourcesBuildPhase section */

/* Begin PBXSourcesBuildPhase section */
		E4F78730D65EE9F55E2BAC2F /* Sources */ = {
			isa = PBXSourcesBuildPhase;
			buildActionMask = 2147483647;
			files = (
				2DADF4B70F661D08B8FE77B2 /* BarVelocityTrackerApp.swift in Sources */,
				F364C592BF81ABDB10D32837 /* CameraManager.swift in Sources */,
				FA941F434C6E85063FF7641D /* BarDetector.swift in Sources */,
				D70A88CC8E35978E73171B3E /* KalmanFilter1D.swift in Sources */,
				7017FA10F3FAD59FCD92B3B7 /* BarTracker.swift in Sources */,
				BD439CEAD5FEA2284D8BD79E /* CalibrationManager.swift in Sources */,
				6ABE6DB9809376EC5901C19E /* BarMotionSource.swift in Sources */,
				0AB4CE195A30CB2077014EDB /* KinematicsEngine.swift in Sources */,
				7E1B97134E075E73378EF278 /* Rep.swift in Sources */,
				651C61985C7313993E93EEF1 /* RepDetector.swift in Sources */,
				6064DB42807DA674FCA25E3A /* SetSummary.swift in Sources */,
				074355E79197112C59623FCA /* MetricsEngine.swift in Sources */,
				20D2A5E77CFA899849B0F501 /* BLEIMUManager.swift in Sources */,
				82F9B892A23065CAAB602FA0 /* Models.swift in Sources */,
				3FA62ACDCB1851C4CADF7B69 /* LiveTrainingViewModel.swift in Sources */,
				81D8DABED458CC02B1605AE0 /* CameraPreviewView.swift in Sources */,
				524C3DF97B2604B97A06368A /* BoundingBoxOverlay.swift in Sources */,
				D2ED66B7D2853607487D827B /* LiveTrainingView.swift in Sources */,
				5A63497E23EBF645ACE0CB66 /* RepFeedCard.swift in Sources */,
				8672C18AEC57A0F06B0925E4 /* SetSummaryView.swift in Sources */,
				A60953A63F74B2A8AF611631 /* CalibrationView.swift in Sources */,
				9FCABAD5414793AFF1A6C23F /* DebugSettingsView.swift in Sources */,
				9C0021E85DEB663A7F69CE54 /* HistoryView.swift in Sources */,
			);
			runOnlyForDeploymentPostprocessing = 0;
		};
/* End PBXSourcesBuildPhase section */

/* Begin XCBuildConfiguration section */
		936FDC50A361D7EBBD570BAB /* Debug */ = {
			isa = XCBuildConfiguration;
			buildSettings = {
				ALWAYS_SEARCH_USER_PATHS = NO;
				ASSETCATALOG_COMPILER_GENERATE_SWIFT_ASSET_SYMBOL_EXTENSIONS = YES;
				CLANG_ANALYZER_NONNULL = YES;
				CLANG_ANALYZER_NUMBER_OBJECT_CONVERSION = YES_AGGRESSIVE;
				CLANG_CXX_LANGUAGE_STANDARD = "gnu++20";
				CLANG_ENABLE_MODULES = YES;
				CLANG_ENABLE_OBJC_ARC = YES;
				CLANG_ENABLE_OBJC_WEAK = YES;
				CLANG_WARN_BLOCK_CAPTURE_AUTORELEASING = YES;
				CLANG_WARN_BOOL_CONVERSION = YES;
				CLANG_WARN_COMMA = YES;
				CLANG_WARN_CONSTANT_CONVERSION = YES;
				CLANG_WARN_DEPRECATED_OBJC_IMPLEMENTATIONS = YES;
				CLANG_WARN_DIRECT_OBJC_ISA_USAGE = YES_ERROR;
				CLANG_WARN_DOCUMENTATION_COMMENTS = YES;
				CLANG_WARN_EMPTY_BODY = YES;
				CLANG_WARN_ENUM_CONVERSION = YES;
				CLANG_WARN_INFINITE_RECURSION = YES;
				CLANG_WARN_INT_CONVERSION = YES;
				CLANG_WARN_NON_LITERAL_NULL_CONVERSION = YES;
				CLANG_WARN_OBJC_IMPLICIT_RETAIN_SELF = YES;
				CLANG_WARN_OBJC_LITERAL_CONVERSION = YES;
				CLANG_WARN_OBJC_ROOT_CLASS = YES_ERROR;
				CLANG_WARN_QUOTED_INCLUDE_IN_FRAMEWORK_HEADER = YES;
				CLANG_WARN_RANGE_LOOP_ANALYSIS = YES;
				CLANG_WARN_STRICT_PROTOTYPES = YES;
				CLANG_WARN_SUSPICIOUS_MOVE = YES;
				CLANG_WARN_UNGUARDED_AVAILABILITY = YES_AGGRESSIVE;
				CLANG_WARN_UNREACHABLE_CODE = YES;
				CLANG_WARN__DUPLICATE_METHOD_MATCH = YES;
				COPY_PHASE_STRIP = NO;
				DEBUG_INFORMATION_FORMAT = dwarf;
				ENABLE_NS_ASSERTIONS = YES;
				ENABLE_STRICT_OBJC_MSGSEND = YES;
				ENABLE_USER_SCRIPT_SANDBOXING = YES;
				GCC_C_LANGUAGE_STANDARD = gnu17;
				GCC_DYNAMIC_NO_PIC = NO;
				GCC_NO_COMMON_BLOCKS = YES;
				GCC_OPTIMIZATION_LEVEL = 0;
				GCC_PREPROCESSOR_DEFINITIONS = (
					"DEBUG=1",
					"$(inherited)",
				);
				GCC_WARN_64_TO_32_BIT_CONVERSION = YES;
				GCC_WARN_ABOUT_RETURN_TYPE = YES_ERROR;
				GCC_WARN_UNDECLARED_SELECTOR = YES;
				GCC_WARN_UNINITIALIZED_AUTOS = YES_AGGRESSIVE;
				GCC_WARN_UNUSED_FUNCTION = YES;
				GCC_WARN_UNUSED_VARIABLE = YES;
				IPHONEOS_DEPLOYMENT_TARGET = 17.0;
				LOCALIZATION_PREFERS_STRING_CATALOGS = YES;
				MTL_ENABLE_DEBUG_INFO = INCLUDE_SOURCE;
				MTL_FAST_MATH = YES;
				ONLY_ACTIVE_ARCH = YES;
				SDKROOT = iphoneos;
				SWIFT_ACTIVE_COMPILATION_CONDITIONS = "DEBUG $(inherited)";
				SWIFT_COMPILATION_MODE = singlefile;
				SWIFT_OPTIMIZATION_LEVEL = -Onone;
				VALIDATE_PRODUCT = NO;
			};
			name = Debug;
		};
		C50E75786DFB097D8D6206B2 /* Release */ = {
			isa = XCBuildConfiguration;
			buildSettings = {
				ALWAYS_SEARCH_USER_PATHS = NO;
				ASSETCATALOG_COMPILER_GENERATE_SWIFT_ASSET_SYMBOL_EXTENSIONS = YES;
				CLANG_ANALYZER_NONNULL = YES;
				CLANG_ANALYZER_NUMBER_OBJECT_CONVERSION = YES_AGGRESSIVE;
				CLANG_CXX_LANGUAGE_STANDARD = "gnu++20";
				CLANG_ENABLE_MODULES = YES;
				CLANG_ENABLE_OBJC_ARC = YES;
				CLANG_ENABLE_OBJC_WEAK = YES;
				CLANG_WARN_BLOCK_CAPTURE_AUTORELEASING = YES;
				CLANG_WARN_BOOL_CONVERSION = YES;
				CLANG_WARN_COMMA = YES;
				CLANG_WARN_CONSTANT_CONVERSION = YES;
				CLANG_WARN_DEPRECATED_OBJC_IMPLEMENTATIONS = YES;
				CLANG_WARN_DIRECT_OBJC_ISA_USAGE = YES_ERROR;
				CLANG_WARN_DOCUMENTATION_COMMENTS = YES;
				CLANG_WARN_EMPTY_BODY = YES;
				CLANG_WARN_ENUM_CONVERSION = YES;
				CLANG_WARN_INFINITE_RECURSION = YES;
				CLANG_WARN_INT_CONVERSION = YES;
				CLANG_WARN_NON_LITERAL_NULL_CONVERSION = YES;
				CLANG_WARN_OBJC_IMPLICIT_RETAIN_SELF = YES;
				CLANG_WARN_OBJC_LITERAL_CONVERSION = YES;
				CLANG_WARN_OBJC_ROOT_CLASS = YES_ERROR;
				CLANG_WARN_QUOTED_INCLUDE_IN_FRAMEWORK_HEADER = YES;
				CLANG_WARN_RANGE_LOOP_ANALYSIS = YES;
				CLANG_WARN_STRICT_PROTOTYPES = YES;
				CLANG_WARN_SUSPICIOUS_MOVE = YES;
				CLANG_WARN_UNGUARDED_AVAILABILITY = YES_AGGRESSIVE;
				CLANG_WARN_UNREACHABLE_CODE = YES;
				CLANG_WARN__DUPLICATE_METHOD_MATCH = YES;
				COPY_PHASE_STRIP = NO;
				DEBUG_INFORMATION_FORMAT = "dwarf-with-dsym";
				ENABLE_NS_ASSERTIONS = NO;
				ENABLE_STRICT_OBJC_MSGSEND = YES;
				ENABLE_USER_SCRIPT_SANDBOXING = YES;
				GCC_C_LANGUAGE_STANDARD = gnu17;
				GCC_DYNAMIC_NO_PIC = NO;
				GCC_NO_COMMON_BLOCKS = YES;
				GCC_OPTIMIZATION_LEVEL = s;
				GCC_PREPROCESSOR_DEFINITIONS = (
					"$(inherited)",
				);
				GCC_WARN_64_TO_32_BIT_CONVERSION = YES;
				GCC_WARN_ABOUT_RETURN_TYPE = YES_ERROR;
				GCC_WARN_UNDECLARED_SELECTOR = YES;
				GCC_WARN_UNINITIALIZED_AUTOS = YES_AGGRESSIVE;
				GCC_WARN_UNUSED_FUNCTION = YES;
				GCC_WARN_UNUSED_VARIABLE = YES;
				IPHONEOS_DEPLOYMENT_TARGET = 17.0;
				LOCALIZATION_PREFERS_STRING_CATALOGS = YES;
				MTL_ENABLE_DEBUG_INFO = NO;
				MTL_FAST_MATH = YES;
				ONLY_ACTIVE_ARCH = NO;
				SDKROOT = iphoneos;
				SWIFT_ACTIVE_COMPILATION_CONDITIONS = "$(inherited)";
				SWIFT_COMPILATION_MODE = wholemodule;
				SWIFT_OPTIMIZATION_LEVEL = -O;
				VALIDATE_PRODUCT = YES;
			};
			name = Release;
		};
		819F275E91EDBFB51997DDF7 /* Debug */ = {
			isa = XCBuildConfiguration;
			buildSettings = {
				ASSETCATALOG_COMPILER_APPICON_NAME = AppIcon;
				ASSETCATALOG_COMPILER_GLOBAL_ACCENT_COLOR_NAME = AccentColor;
				CODE_SIGN_STYLE = Automatic;
				CURRENT_PROJECT_VERSION = 1;
				DEVELOPMENT_ASSET_PATHS = "\"BarVelocityTracker/Preview Content\"";
				ENABLE_PREVIEWS = YES;
				GENERATE_INFOPLIST_FILE = NO;
				INFOPLIST_FILE = "BarVelocityTracker/App/Info.plist";
				INFOPLIST_KEY_UIApplicationSceneManifest_Generation = YES;
				INFOPLIST_KEY_UIApplicationSupportsIndirectInputEvents = YES;
				INFOPLIST_KEY_UILaunchScreen_Generation = YES;
				INFOPLIST_KEY_UISupportedInterfaceOrientations_iPhone = UIInterfaceOrientationPortrait;
				INFOPLIST_KEY_UISupportedInterfaceOrientations_iPad = "UIInterfaceOrientationPortrait UIInterfaceOrientationPortraitUpsideDown";
				LD_RUNPATH_SEARCH_PATHS = (
					"$(inherited)",
					"@executable_path/Frameworks",
				);
				MARKETING_VERSION = 1.0;
				PRODUCT_BUNDLE_IDENTIFIER = "com.dgumus.barvelocitytracker";
				PRODUCT_NAME = "$(TARGET_NAME)";
				SWIFT_EMIT_LOC_STRINGS = YES;
				SWIFT_VERSION = 5.0;
				TARGETED_DEVICE_FAMILY = "1,2";
			};
			name = Debug;
		};
		EDE9D4D773ABC3BD277F4C9D /* Release */ = {
			isa = XCBuildConfiguration;
			buildSettings = {
				ASSETCATALOG_COMPILER_APPICON_NAME = AppIcon;
				ASSETCATALOG_COMPILER_GLOBAL_ACCENT_COLOR_NAME = AccentColor;
				CODE_SIGN_STYLE = Automatic;
				CURRENT_PROJECT_VERSION = 1;
				DEVELOPMENT_ASSET_PATHS = "\"BarVelocityTracker/Preview Content\"";
				ENABLE_PREVIEWS = YES;
				GENERATE_INFOPLIST_FILE = NO;
				INFOPLIST_FILE = "BarVelocityTracker/App/Info.plist";
				INFOPLIST_KEY_UIApplicationSceneManifest_Generation = YES;
				INFOPLIST_KEY_UIApplicationSupportsIndirectInputEvents = YES;
				INFOPLIST_KEY_UILaunchScreen_Generation = YES;
				INFOPLIST_KEY_UISupportedInterfaceOrientations_iPhone = UIInterfaceOrientationPortrait;
				INFOPLIST_KEY_UISupportedInterfaceOrientations_iPad = "UIInterfaceOrientationPortrait UIInterfaceOrientationPortraitUpsideDown";
				LD_RUNPATH_SEARCH_PATHS = (
					"$(inherited)",
					"@executable_path/Frameworks",
				);
				MARKETING_VERSION = 1.0;
				PRODUCT_BUNDLE_IDENTIFIER = "com.dgumus.barvelocitytracker";
				PRODUCT_NAME = "$(TARGET_NAME)";
				SWIFT_EMIT_LOC_STRINGS = YES;
				SWIFT_VERSION = 5.0;
				TARGETED_DEVICE_FAMILY = "1,2";
			};
			name = Release;
		};
/* End XCBuildConfiguration section */

/* Begin XCConfigurationList section */
		94CF469613C85AEAE08CE1EB /* Build configuration list for PBXProject "BarVelocityTracker" */ = {
			isa = XCConfigurationList;
			buildConfigurations = (
				936FDC50A361D7EBBD570BAB /* Debug */,
				C50E75786DFB097D8D6206B2 /* Release */,
			);
			defaultConfigurationIsVisible = 0;
			defaultConfigurationName = Release;
		};
		6F2B7D78462A46622B647523 /* Build configuration list for PBXNativeTarget "BarVelocityTracker" */ = {
			isa = XCConfigurationList;
			buildConfigurations = (
				819F275E91EDBFB51997DDF7 /* Debug */,
				EDE9D4D773ABC3BD277F4C9D /* Release */,
			);
			defaultConfigurationIsVisible = 0;
			defaultConfigurationName = Release;
		};
/* End XCConfigurationList section */
	};
	rootObject = 98F54143AB4E86B28C3AFEE0 /* Project object */;
}
